{
  "version": 4,
  "terraform_version": "1.11.4",
  "serial": 40,
  "lineage": "f4812e38-4ff0-f893-bda7-35666eafe62c",
  "outputs": {
    "invoke_url": {
      "value": "https://mj92zct6nc.execute-api.il-central-1.amazonaws.com/prod/stats",
      "type": "string"
    }
  },
  "resources": [
    {
      "mode": "data",
      "type": "aws_api_gateway_resource",
      "name": "root",
      "provider": "provider[\"registry.terraform.io/hashicorp/aws\"]",
      "instances": [
        {
          "schema_version": 0,
          "attributes": {
            "id": "3bsdougdmc",
            "parent_id": "",
            "path": "/",
            "path_part": "",
            "rest_api_id": "mj92zct6nc"
          },
          "sensitive_attributes": []
        }
      ]
    },
    {
      "mode": "data",
      "type": "aws_caller_identity",
      "name": "current",
      "provider": "provider[\"registry.terraform.io/hashicorp/aws\"]",
      "instances": [
        {
          "schema_version": 0,
          "attributes": {
            "account_id": "314525640319",
            "arn": "arn:aws:iam::314525640319:user/imtech",
            "id": "314525640319",
            "user_id": "AIDAUSOZQMZ75HYR5P3NU"
          },
          "sensitive_attributes": []
        }
      ]
    },
    {
      "mode": "data",
      "type": "aws_lambda_function",
      "name": "amit_lambda",
      "provider": "provider[\"registry.terraform.io/hashicorp/aws\"]",
      "instances": [
        {
          "schema_version": 0,
          "attributes": {
            "architectures": [
              "x86_64"
            ],
            "arn": "arn:aws:lambda:il-central-1:314525640319:function:AmitNetStats",
            "code_sha256": "cNFrfBDWuMOKxC/CZCFa152GUZWpyFNhCZNPpYK2mgw=",
            "code_signing_config_arn": null,
            "dead_letter_config": [],
            "description": "asdf",
            "environment": [],
            "ephemeral_storage": [
              {
                "size": 512
              }
            ],
            "file_system_config": [],
            "function_name": "AmitNetStats",
            "handler": "lambda_function.lambda_handler",
            "id": "AmitNetStats",
            "image_uri": "",
            "invoke_arn": "arn:aws:apigateway:il-central-1:lambda:path/2015-03-31/functions/arn:aws:lambda:il-central-1:314525640319:function:AmitNetStats/invocations",
            "kms_key_arn": "",
            "last_modified": "2025-05-05T13:08:36.016+0000",
            "layers": [],
            "logging_config": [
              {
                "application_log_level": "",
                "log_format": "Text",
                "log_group": "/aws/lambda/AmitNetStats",
                "system_log_level": ""
              }
            ],
            "memory_size": 128,
            "qualified_arn": "arn:aws:lambda:il-central-1:314525640319:function:AmitNetStats:1",
            "qualified_invoke_arn": "arn:aws:apigateway:il-central-1:lambda:path/2015-03-31/functions/arn:aws:lambda:il-central-1:314525640319:function:AmitNetStats:1/invocations",
            "qualifier": null,
            "reserved_concurrent_executions": -1,
            "role": "arn:aws:iam::314525640319:role/my-lambda-role",
            "runtime": "python3.12",
            "signing_job_arn": "",
            "signing_profile_version_arn": "",
            "source_code_hash": "cNFrfBDWuMOKxC/CZCFa152GUZWpyFNhCZNPpYK2mgw=",
            "source_code_size": 763,
            "tags": {},
            "timeout": 3,
            "tracing_config": [
              {
                "mode": "PassThrough"
              }
            ],
            "version": "1",
            "vpc_config": []
          },
          "sensitive_attributes": []
        }
      ]
    },
    {
      "mode": "managed",
      "type": "aws_api_gateway_authorizer",
      "name": "cognito_authorizer",
      "provider": "provider[\"registry.terraform.io/hashicorp/aws\"]",
      "instances": [
        {
          "schema_version": 0,
          "attributes": {
            "arn": "arn:aws:apigateway:il-central-1::/restapis/mj92zct6nc/authorizers/494h6f",
            "authorizer_credentials": "",
            "authorizer_result_ttl_in_seconds": 300,
            "authorizer_uri": "",
            "id": "494h6f",
            "identity_source": "method.request.header.Authorization",
            "identity_validation_expression": "",
            "name": "CognitoAuthorizer",
            "provider_arns": [
              "arn:aws:cognito-idp:il-central-1:314525640319:userpool/il-central-1_msZKXt9Ju"
            ],
            "rest_api_id": "mj92zct6nc",
            "type": "COGNITO_USER_POOLS"
          },
          "sensitive_attributes": [],
          "private": "bnVsbA==",
          "dependencies": [
            "data.aws_caller_identity.current"
          ]
        }
      ]
    },
    {
      "mode": "managed",
      "type": "aws_api_gateway_deployment",
      "name": "deployment",
      "provider": "provider[\"registry.terraform.io/hashicorp/aws\"]",
      "instances": [
        {
          "schema_version": 0,
          "attributes": {
            "canary_settings": [],
            "created_date": "2025-05-11T08:37:11Z",
            "description": "New deployment for /stats route",
            "execution_arn": "arn:aws:execute-api:il-central-1:314525640319:mj92zct6nc/",
            "id": "t70l9e",
            "invoke_url": "https://mj92zct6nc.execute-api.il-central-1.amazonaws.com/",
            "rest_api_id": "mj92zct6nc",
            "stage_description": null,
            "stage_name": null,
            "triggers": null,
            "variables": null
          },
          "sensitive_attributes": [],
          "private": "bnVsbA==",
          "dependencies": [
            "aws_api_gateway_authorizer.cognito_authorizer",
            "aws_api_gateway_integration.lambda_any_stats",
            "aws_api_gateway_method.any_stats",
            "aws_api_gateway_resource.stats",
            "data.aws_api_gateway_resource.root",
            "data.aws_caller_identity.current",
            "data.aws_lambda_function.amit_lambda"
          ]
        }
      ]
    },
    {
      "mode": "managed",
      "type": "aws_api_gateway_integration",
      "name": "lambda_any_stats",
      "provider": "provider[\"registry.terraform.io/hashicorp/aws\"]",
      "instances": [
        {
          "schema_version": 0,
          "attributes": {
            "cache_key_parameters": [],
            "cache_namespace": "badob9",
            "connection_id": "",
            "connection_type": "INTERNET",
            "content_handling": "",
            "credentials": "",
            "http_method": "ANY",
            "id": "agi-mj92zct6nc-badob9-ANY",
            "integration_http_method": "POST",
            "passthrough_behavior": "WHEN_NO_MATCH",
            "request_parameters": {},
            "request_templates": {},
            "resource_id": "badob9",
            "rest_api_id": "mj92zct6nc",
            "timeout_milliseconds": 29000,
            "tls_config": [],
            "type": "AWS_PROXY",
            "uri": "arn:aws:apigateway:il-central-1:lambda:path/2015-03-31/functions/arn:aws:lambda:il-central-1:314525640319:function:AmitNetStats/invocations"
          },
          "sensitive_attributes": [],
          "private": "bnVsbA==",
          "dependencies": [
            "aws_api_gateway_authorizer.cognito_authorizer",
            "aws_api_gateway_method.any_stats",
            "aws_api_gateway_resource.stats",
            "data.aws_api_gateway_resource.root",
            "data.aws_caller_identity.current",
            "data.aws_lambda_function.amit_lambda"
          ]
        }
      ]
    },
    {
      "mode": "managed",
      "type": "aws_api_gateway_method",
      "name": "any_stats",
      "provider": "provider[\"registry.terraform.io/hashicorp/aws\"]",
      "instances": [
        {
          "schema_version": 0,
          "attributes": {
            "api_key_required": false,
            "authorization": "COGNITO_USER_POOLS",
            "authorization_scopes": [],
            "authorizer_id": "494h6f",
            "http_method": "ANY",
            "id": "agm-mj92zct6nc-badob9-ANY",
            "operation_name": "",
            "request_models": {},
            "request_parameters": {},
            "request_validator_id": "",
            "resource_id": "badob9",
            "rest_api_id": "mj92zct6nc"
          },
          "sensitive_attributes": [],
          "private": "bnVsbA==",
          "dependencies": [
            "aws_api_gateway_authorizer.cognito_authorizer",
            "aws_api_gateway_resource.stats",
            "data.aws_api_gateway_resource.root",
            "data.aws_caller_identity.current"
          ]
        }
      ]
    },
    {
      "mode": "managed",
      "type": "aws_api_gateway_resource",
      "name": "stats",
      "provider": "provider[\"registry.terraform.io/hashicorp/aws\"]",
      "instances": [
        {
          "schema_version": 0,
          "attributes": {
            "id": "badob9",
            "parent_id": "3bsdougdmc",
            "path": "/stats",
            "path_part": "stats",
            "rest_api_id": "mj92zct6nc"
          },
          "sensitive_attributes": [],
          "private": "bnVsbA==",
          "dependencies": [
            "data.aws_api_gateway_resource.root"
          ]
        }
      ]
    },
    {
      "mode": "managed",
      "type": "aws_lambda_permission",
      "name": "apigw_lambda",
      "provider": "provider[\"registry.terraform.io/hashicorp/aws\"]",
      "instances": [
        {
          "schema_version": 0,
          "attributes": {
            "action": "lambda:InvokeFunction",
            "event_source_token": null,
            "function_name": "AmitNetStats",
            "function_url_auth_type": null,
            "id": "AllowExecutionFromAPIGateway",
            "principal": "apigateway.amazonaws.com",
            "principal_org_id": null,
            "qualifier": "",
            "source_account": null,
            "source_arn": "arn:aws:execute-api:il-central-1:314525640319:mj92zct6nc/default/ANY/stats",
            "statement_id": "AllowExecutionFromAPIGateway",
            "statement_id_prefix": ""
          },
          "sensitive_attributes": [],
          "private": "bnVsbA==",
          "dependencies": [
            "data.aws_caller_identity.current",
            "data.aws_lambda_function.amit_lambda"
          ]
        }
      ]
    }
  ],
  "check_results": null
}
