{
  "version": 4,
  "terraform_version": "1.11.4",
  "serial": 6,
  "lineage": "4967c3e6-c31e-8ea5-6d73-615535f21d7b",
  "outputs": {},
  "resources": [
    {
      "mode": "managed",
      "type": "aws_secretsmanager_secret",
      "name": "db_secret",
      "provider": "provider[\"registry.terraform.io/hashicorp/aws\"]",
      "instances": [
        {
          "schema_version": 0,
          "attributes": {
            "arn": "arn:aws:secretsmanager:il-central-1:314525640319:secret:imtech/amit-4FvbKx",
            "description": "",
            "force_overwrite_replica_secret": null,
            "id": "imtech/amit",
            "kms_key_id": "",
            "name": "imtech/amit",
            "name_prefix": "",
            "policy": "",
            "recovery_window_in_days": null,
            "replica": [],
            "tags": {},
            "tags_all": {}
          },
          "sensitive_attributes": [],
          "private": "eyJzY2hlbWFfdmVyc2lvbiI6IjAifQ=="
        }
      ]
    },
    {
      "mode": "managed",
      "type": "aws_ssm_parameter",
      "name": "db_host",
      "provider": "provider[\"registry.terraform.io/hashicorp/aws\"]",
      "instances": [
        {
          "schema_version": 0,
          "attributes": {
            "allowed_pattern": "",
            "arn": "arn:aws:ssm:il-central-1:314525640319:parameter/amit/db/db-host",
            "data_type": "text",
            "description": "",
            "has_value_wo": null,
            "id": "/amit/db/db-host",
            "insecure_value": null,
            "key_id": "",
            "name": "/amit/db/db-host",
            "overwrite": true,
            "tags": {},
            "tags_all": {},
            "tier": "Standard",
            "type": "String",
            "value": "database-1.c3mggk2emfx1.il-central-1.rds.amazonaws.com",
            "value_wo": null,
            "value_wo_version": null,
            "version": 2
          },
          "sensitive_attributes": [
            [
              {
                "type": "get_attr",
                "value": "value"
              }
            ],
            [
              {
                "type": "get_attr",
                "value": "value_wo"
              }
            ]
          ],
          "private": "bnVsbA==",
          "create_before_destroy": true
        }
      ]
    }
  ],
  "check_results": null
}
